
Microsoft Visual Studio Solution File, Format Version 12.00
# Visual Studio Version 16
VisualStudioVersion = 16.0.29519.181
MinimumVisualStudioVersion = 10.0.40219.1
Project("{FAE04EC0-301F-11D3-BF4B-00C04F79EFBC}") = "Arduino Commander", "Arduino Commander\Arduino Commander.csproj", "{EB7FF82F-0521-4F97-94AA-8984D83CCBDC}"
EndProject
Global
	GlobalSection(SolutionConfigurationPlatforms) = preSolution
		Debug|Any CPU = Debug|Any CPU
		Release|Any CPU = Release|Any CPU
	EndGlobalSection
	GlobalSection(ProjectConfigurationPlatforms) = postSolution
		{EB7FF82F-0521-4F97-94AA-8984D83CCBDC}.Debug|Any CPU.ActiveCfg = Debug|Any CPU
		{EB7FF82F-0521-4F97-94AA-8984D83CCBDC}.Debug|Any CPU.Build.0 = Debug|Any CPU
		{EB7FF82F-0521-4F97-94AA-8984D83CCBDC}.Release|Any CPU.ActiveCfg = Release|Any CPU
		{EB7FF82F-0521-4F97-94AA-8984D83CCBDC}.Release|Any CPU.Build.0 = Release|Any CPU
	EndGlobalSection
	GlobalSection(SolutionProperties) = preSolution
		HideSolutionNode = FALSE
	EndGlobalSection
	GlobalSection(ExtensibilityGlobals) = postSolution
		SolutionGuid = {C9E92EB9-011A-45B8-944D-8ED45A9498B6}
	EndGlobalSection
EndGlobal
